
Microsoft Visual Studio Solution File, Format Version 12.00
# Visual Studio Version 16
VisualStudioVersion = 16.0.810.21
MinimumVisualStudioVersion = 10.0.40219.1
Project("{FAE04EC0-301F-11D3-BF4B-00C04F79EFBC}") = "ECDiffieHelmanCng", "ECDiffieHelmanCng\ECDiffieHelmanCng.csproj", "{E8BF3243-7C03-4174-AF8E-EEDA6BF08AEE}"
EndProject
Global
	GlobalSection(SolutionConfigurationPlatforms) = preSolution
		Debug|anycpu = Debug|anycpu
		Release|anycpu = Release|anycpu
	EndGlobalSection
	GlobalSection(ProjectConfigurationPlatforms) = postSolution
		{E8BF3243-7C03-4174-AF8E-EEDA6BF08AEE}.Debug|anycpu.ActiveCfg = Debug|anycpu
		{E8BF3243-7C03-4174-AF8E-EEDA6BF08AEE}.Debug|anycpu.Build.0 = Debug|anycpu
		{E8BF3243-7C03-4174-AF8E-EEDA6BF08AEE}.Release|anycpu.ActiveCfg = Release|anycpu
		{E8BF3243-7C03-4174-AF8E-EEDA6BF08AEE}.Release|anycpu.Build.0 = Release|anycpu
	EndGlobalSection
	GlobalSection(SolutionProperties) = preSolution
		HideSolutionNode = FALSE
	EndGlobalSection
	GlobalSection(ExtensibilityGlobals) = postSolution
		SolutionGuid = {49F27219-F309-4DD9-9AF8-9E5CF0EF13E4}
	EndGlobalSection
EndGlobal
